
Microsoft Visual Studio Solution File, Format Version 12.00
# Visual Studio Version 16
VisualStudioVersion = 16.0.30204.135
MinimumVisualStudioVersion = 10.0.40219.1
Project("{FAE04EC0-301F-11D3-BF4B-00C04F79EFBC}") = "ToDoApi", "ToDoApi.csproj", "{DE3DDEEB-374F-4287-8CF9-392AF28B5243}"
EndProject
Global
	GlobalSection(SolutionConfigurationPlatforms) = preSolution
		Debug|Any CPU = Debug|Any CPU
		Release|Any CPU = Release|Any CPU
	EndGlobalSection
	GlobalSection(ProjectConfigurationPlatforms) = postSolution
		{DE3DDEEB-374F-4287-8CF9-392AF28B5243}.Debug|Any CPU.ActiveCfg = Debug|Any CPU
		{DE3DDEEB-374F-4287-8CF9-392AF28B5243}.Debug|Any CPU.Build.0 = Debug|Any CPU
		{DE3DDEEB-374F-4287-8CF9-392AF28B5243}.Release|Any CPU.ActiveCfg = Release|Any CPU
		{DE3DDEEB-374F-4287-8CF9-392AF28B5243}.Release|Any CPU.Build.0 = Release|Any CPU
	EndGlobalSection
	GlobalSection(SolutionProperties) = preSolution
		HideSolutionNode = FALSE
	EndGlobalSection
	GlobalSection(ExtensibilityGlobals) = postSolution
		SolutionGuid = {81F9B094-E7DC-40CB-84D3-D1595194D98C}
	EndGlobalSection
EndGlobal
